
Microsoft Visual Studio Solution File, Format Version 12.00
# Visual Studio 15
VisualStudioVersion = 15.0.28307.168
MinimumVisualStudioVersion = 10.0.40219.1
Project("{9A19103F-16F7-4668-BE54-9A1E7A4F7556}") = "BankAccount", "BankAccount.csproj", "{28E764F2-56A0-476D-B7E5-FE50BB7E3D52}"
EndProject
Global
	GlobalSection(SolutionConfigurationPlatforms) = preSolution
		Debug|Any CPU = Debug|Any CPU
		Release|Any CPU = Release|Any CPU
	EndGlobalSection
	GlobalSection(ProjectConfigurationPlatforms) = postSolution
		{28E764F2-56A0-476D-B7E5-FE50BB7E3D52}.Debug|Any CPU.ActiveCfg = Debug|Any CPU
		{28E764F2-56A0-476D-B7E5-FE50BB7E3D52}.Debug|Any CPU.Build.0 = Debug|Any CPU
		{28E764F2-56A0-476D-B7E5-FE50BB7E3D52}.Release|Any CPU.ActiveCfg = Release|Any CPU
		{28E764F2-56A0-476D-B7E5-FE50BB7E3D52}.Release|Any CPU.Build.0 = Release|Any CPU
	EndGlobalSection
	GlobalSection(SolutionProperties) = preSolution
		HideSolutionNode = FALSE
	EndGlobalSection
	GlobalSection(ExtensibilityGlobals) = postSolution
		SolutionGuid = {96995D6A-ED10-41DB-B456-6883F7A8E825}
	EndGlobalSection
EndGlobal
