
Microsoft Visual Studio Solution File, Format Version 12.00
# Visual Studio 15
VisualStudioVersion = 15.0.28307.168
MinimumVisualStudioVersion = 10.0.40219.1
Project("{9A19103F-16F7-4668-BE54-9A1E7A4F7556}") = "DifferenceOfSquares", "DifferenceOfSquares.csproj", "{C0C0C0F2-4D88-4260-90FA-40E135458EC6}"
EndProject
Global
	GlobalSection(SolutionConfigurationPlatforms) = preSolution
		Debug|Any CPU = Debug|Any CPU
		Release|Any CPU = Release|Any CPU
	EndGlobalSection
	GlobalSection(ProjectConfigurationPlatforms) = postSolution
		{C0C0C0F2-4D88-4260-90FA-40E135458EC6}.Debug|Any CPU.ActiveCfg = Debug|Any CPU
		{C0C0C0F2-4D88-4260-90FA-40E135458EC6}.Debug|Any CPU.Build.0 = Debug|Any CPU
		{C0C0C0F2-4D88-4260-90FA-40E135458EC6}.Release|Any CPU.ActiveCfg = Release|Any CPU
		{C0C0C0F2-4D88-4260-90FA-40E135458EC6}.Release|Any CPU.Build.0 = Release|Any CPU
	EndGlobalSection
	GlobalSection(SolutionProperties) = preSolution
		HideSolutionNode = FALSE
	EndGlobalSection
	GlobalSection(ExtensibilityGlobals) = postSolution
		SolutionGuid = {495260A3-7878-4C25-8F8E-16AD1CC671DB}
	EndGlobalSection
EndGlobal
